
Microsoft Visual Studio Solution File, Format Version 12.00
# Visual Studio Version 16
VisualStudioVersion = 16.0.31729.503
MinimumVisualStudioVersion = 10.0.40219.1
Project("{9A19103F-16F7-4668-BE54-9A1E7A4F7556}") = "MyWebDBFirst", "MyWebDBFirst\MyWebDBFirst.csproj", "{75E81E0E-CE90-4A34-B2F0-502C625FDAD7}"
EndProject
Project("{FAE04EC0-301F-11D3-BF4B-00C04F79EFBC}") = "DemoAuthentication", "DemoAuthentication\DemoAuthentication.csproj", "{5E0030D6-E2FE-4AA6-A430-AD1E7A97BEC1}"
EndProject
Global
	GlobalSection(SolutionConfigurationPlatforms) = preSolution
		Debug|Any CPU = Debug|Any CPU
		Release|Any CPU = Release|Any CPU
	EndGlobalSection
	GlobalSection(ProjectConfigurationPlatforms) = postSolution
		{75E81E0E-CE90-4A34-B2F0-502C625FDAD7}.Debug|Any CPU.ActiveCfg = Debug|Any CPU
		{75E81E0E-CE90-4A34-B2F0-502C625FDAD7}.Debug|Any CPU.Build.0 = Debug|Any CPU
		{75E81E0E-CE90-4A34-B2F0-502C625FDAD7}.Release|Any CPU.ActiveCfg = Release|Any CPU
		{75E81E0E-CE90-4A34-B2F0-502C625FDAD7}.Release|Any CPU.Build.0 = Release|Any CPU
		{5E0030D6-E2FE-4AA6-A430-AD1E7A97BEC1}.Debug|Any CPU.ActiveCfg = Debug|Any CPU
		{5E0030D6-E2FE-4AA6-A430-AD1E7A97BEC1}.Debug|Any CPU.Build.0 = Debug|Any CPU
		{5E0030D6-E2FE-4AA6-A430-AD1E7A97BEC1}.Release|Any CPU.ActiveCfg = Release|Any CPU
		{5E0030D6-E2FE-4AA6-A430-AD1E7A97BEC1}.Release|Any CPU.Build.0 = Release|Any CPU
	EndGlobalSection
	GlobalSection(SolutionProperties) = preSolution
		HideSolutionNode = FALSE
	EndGlobalSection
	GlobalSection(ExtensibilityGlobals) = postSolution
		SolutionGuid = {7F07A1E7-0C31-4869-B36B-0553493751AD}
	EndGlobalSection
EndGlobal
