
Microsoft Visual Studio Solution File, Format Version 12.00
# Visual Studio Version 16
VisualStudioVersion = 16.0.31624.102
MinimumVisualStudioVersion = 10.0.40219.1
Project("{FAE04EC0-301F-11D3-BF4B-00C04F79EFBC}") = "Lab01", "Lab01\Lab01.csproj", "{02178440-7A4C-4653-9BBB-709DF7C1908B}"
EndProject
Global
	GlobalSection(SolutionConfigurationPlatforms) = preSolution
		Debug|Any CPU = Debug|Any CPU
		Release|Any CPU = Release|Any CPU
	EndGlobalSection
	GlobalSection(ProjectConfigurationPlatforms) = postSolution
		{02178440-7A4C-4653-9BBB-709DF7C1908B}.Debug|Any CPU.ActiveCfg = Debug|Any CPU
		{02178440-7A4C-4653-9BBB-709DF7C1908B}.Debug|Any CPU.Build.0 = Debug|Any CPU
		{02178440-7A4C-4653-9BBB-709DF7C1908B}.Release|Any CPU.ActiveCfg = Release|Any CPU
		{02178440-7A4C-4653-9BBB-709DF7C1908B}.Release|Any CPU.Build.0 = Release|Any CPU
	EndGlobalSection
	GlobalSection(SolutionProperties) = preSolution
		HideSolutionNode = FALSE
	EndGlobalSection
	GlobalSection(ExtensibilityGlobals) = postSolution
		SolutionGuid = {4E7FD2A7-40C8-440E-B189-E91192061F7D}
	EndGlobalSection
EndGlobal
