
Microsoft Visual Studio Solution File, Format Version 12.00
# Visual Studio Version 16
VisualStudioVersion = 16.0.31624.102
MinimumVisualStudioVersion = 10.0.40219.1
Project("{FAE04EC0-301F-11D3-BF4B-00C04F79EFBC}") = "Lab04", "Lab04\Lab04.csproj", "{924EAA93-F24F-4667-8E65-199A0B59B326}"
EndProject
Global
	GlobalSection(SolutionConfigurationPlatforms) = preSolution
		Debug|Any CPU = Debug|Any CPU
		Release|Any CPU = Release|Any CPU
	EndGlobalSection
	GlobalSection(ProjectConfigurationPlatforms) = postSolution
		{924EAA93-F24F-4667-8E65-199A0B59B326}.Debug|Any CPU.ActiveCfg = Debug|Any CPU
		{924EAA93-F24F-4667-8E65-199A0B59B326}.Debug|Any CPU.Build.0 = Debug|Any CPU
		{924EAA93-F24F-4667-8E65-199A0B59B326}.Release|Any CPU.ActiveCfg = Release|Any CPU
		{924EAA93-F24F-4667-8E65-199A0B59B326}.Release|Any CPU.Build.0 = Release|Any CPU
	EndGlobalSection
	GlobalSection(SolutionProperties) = preSolution
		HideSolutionNode = FALSE
	EndGlobalSection
	GlobalSection(ExtensibilityGlobals) = postSolution
		SolutionGuid = {17782FBF-FE6F-454B-9687-39C4EDE744D5}
	EndGlobalSection
EndGlobal
